
Microsoft Visual Studio Solution File, Format Version 12.00
# Visual Studio Version 16
VisualStudioVersion = 16.0.30223.230
MinimumVisualStudioVersion = 10.0.40219.1
Project("{FAE04EC0-301F-11D3-BF4B-00C04F79EFBC}") = "ALTNETMSIDemo", "ALTNETMSIDemo\ALTNETMSIDemo.csproj", "{F51166E5-56CD-4238-A039-04C5CB239A0F}"
EndProject
Global
	GlobalSection(SolutionConfigurationPlatforms) = preSolution
		Debug|Any CPU = Debug|Any CPU
		Release|Any CPU = Release|Any CPU
	EndGlobalSection
	GlobalSection(ProjectConfigurationPlatforms) = postSolution
		{F51166E5-56CD-4238-A039-04C5CB239A0F}.Debug|Any CPU.ActiveCfg = Debug|Any CPU
		{F51166E5-56CD-4238-A039-04C5CB239A0F}.Debug|Any CPU.Build.0 = Debug|Any CPU
		{F51166E5-56CD-4238-A039-04C5CB239A0F}.Release|Any CPU.ActiveCfg = Release|Any CPU
		{F51166E5-56CD-4238-A039-04C5CB239A0F}.Release|Any CPU.Build.0 = Release|Any CPU
	EndGlobalSection
	GlobalSection(SolutionProperties) = preSolution
		HideSolutionNode = FALSE
	EndGlobalSection
	GlobalSection(ExtensibilityGlobals) = postSolution
		SolutionGuid = {6110F916-1AE8-4A2D-8935-43451E4FA328}
	EndGlobalSection
EndGlobal
